
Microsoft Visual Studio Solution File, Format Version 12.00
# Visual Studio Version 16
VisualStudioVersion = 16.0.31205.134
MinimumVisualStudioVersion = 10.0.40219.1
Project("{FAE04EC0-301F-11D3-BF4B-00C04F79EFBC}") = "reactivecsharp", "reactivecsharp\reactivecsharp.csproj", "{9E180815-5B13-4B70-A661-2441540D7BEA}"
EndProject
Global
	GlobalSection(SolutionConfigurationPlatforms) = preSolution
		Debug|Any CPU = Debug|Any CPU
		Release|Any CPU = Release|Any CPU
	EndGlobalSection
	GlobalSection(ProjectConfigurationPlatforms) = postSolution
		{9E180815-5B13-4B70-A661-2441540D7BEA}.Debug|Any CPU.ActiveCfg = Debug|Any CPU
		{9E180815-5B13-4B70-A661-2441540D7BEA}.Debug|Any CPU.Build.0 = Debug|Any CPU
		{9E180815-5B13-4B70-A661-2441540D7BEA}.Release|Any CPU.ActiveCfg = Release|Any CPU
		{9E180815-5B13-4B70-A661-2441540D7BEA}.Release|Any CPU.Build.0 = Release|Any CPU
	EndGlobalSection
	GlobalSection(SolutionProperties) = preSolution
		HideSolutionNode = FALSE
	EndGlobalSection
	GlobalSection(ExtensibilityGlobals) = postSolution
		SolutionGuid = {4ADC54D5-8C6B-411C-A1EF-FACA859C5460}
	EndGlobalSection
EndGlobal
